
Microsoft Visual Studio Solution File, Format Version 12.00
# Visual Studio 2015
Project("{FAE04EC0-301F-11D3-BF4B-00C04F79EFBC}") = "I still dunno", "I still dunno.csproj", "{AF51947B-9C53-1837-51D9-2A61A7709D02}"
EndProject
Global
	GlobalSection(SolutionConfigurationPlatforms) = preSolution
		Debug|Any CPU = Debug|Any CPU
		Release|Any CPU = Release|Any CPU
	EndGlobalSection
	GlobalSection(ProjectConfigurationPlatforms) = postSolution
		{AF51947B-9C53-1837-51D9-2A61A7709D02}.Debug|Any CPU.ActiveCfg = Debug|Any CPU
		{AF51947B-9C53-1837-51D9-2A61A7709D02}.Debug|Any CPU.Build.0 = Debug|Any CPU
		{AF51947B-9C53-1837-51D9-2A61A7709D02}.Release|Any CPU.ActiveCfg = Release|Any CPU
		{AF51947B-9C53-1837-51D9-2A61A7709D02}.Release|Any CPU.Build.0 = Release|Any CPU
	EndGlobalSection
	GlobalSection(SolutionProperties) = preSolution
		HideSolutionNode = FALSE
	EndGlobalSection
EndGlobal
